{
  "schemaVersion": "1.0.0",
  "createdAt": "2026-08-27T05:31:40Z",
  "artifacts": [
    {
      "kind": "source",
      "path": "data/sources/openai-deprecations-2026-08-26.json",
      "sha256": "a86bc8353d92c6bc32360ec335855ef6519ea34e4b9ef2cb3d00358745852d5c"
    },
    {
      "kind": "source",
      "path": "data/sources/openai-gpt-4o-mini-transcribe-2026-08-26.json",
      "sha256": "39b52157e8c175edbf573fbce6a40f8f94c772d5ee74dca0a071441a19ef1ab3"
    },
    {
      "kind": "source",
      "path": "data/sources/openai-assistants-deprecations-2026-08-26.json",
      "sha256": "49d91342ae01f17a024c9f83ba5e9a4f7b9b2dce265e0b33e46a570e0df1b7dd"
    },
    {
      "kind": "source",
      "path": "data/sources/openai-assistants-migration-2026-08-26.json",
      "sha256": "1022ff03521715f89f4999a612de7daace587122441ef2c6174dee21b3904c80"
    },
    {
      "kind": "source",
      "path": "data/sources/openai-prompt-object-migration-2026-08-27.json",
      "sha256": "b0659562fb12951bc2836f6ed68540eae8c0620bd2a91e1144214e2c12b5555f"
    },
    {
      "kind": "migration",
      "path": "data/migrations/gpt-4o-mini-transcribe-2025-03-20.json",
      "sha256": "9bf2e98fb2c626a32bd2e35470e85702cd92cfa15e978d258491853dc04ddae6"
    },
    {
      "kind": "migration",
      "path": "data/migrations/assistants-api-to-responses-and-conversations.json",
      "sha256": "009297ccb04bb42409e80765e05241107ce2fdec950e91808acce83047373b5e"
    }
  ]
}
